
Microsoft Visual Studio Solution File, Format Version 12.00
# Visual Studio 15
VisualStudioVersion = 15.0.26124.0
MinimumVisualStudioVersion = 15.0.26124.0
Project("{FAE04EC0-301F-11D3-BF4B-00C04F79EFBC}") = "API", "API\API.csproj", "{B0BAA729-067D-4B88-8497-D6C067B8FEFB}"
EndProject
Project("{FAE04EC0-301F-11D3-BF4B-00C04F79EFBC}") = "Domain", "Domain\Domain.csproj", "{2580A8DC-48B7-4E30-B058-F665DC16C7F2}"
EndProject
Project("{FAE04EC0-301F-11D3-BF4B-00C04F79EFBC}") = "Application", "Application\Application.csproj", "{CC4C4D25-F5EF-4144-B99A-7FD539A76008}"
EndProject
Project("{FAE04EC0-301F-11D3-BF4B-00C04F79EFBC}") = "Persistence", "Persistence\Persistence.csproj", "{FD99CCDD-C8EE-496D-B4C5-3B2E83C5AF7F}"
EndProject
Global
	GlobalSection(SolutionConfigurationPlatforms) = preSolution
		Debug|Any CPU = Debug|Any CPU
		Debug|x64 = Debug|x64
		Debug|x86 = Debug|x86
		Release|Any CPU = Release|Any CPU
		Release|x64 = Release|x64
		Release|x86 = Release|x86
	EndGlobalSection
	GlobalSection(SolutionProperties) = preSolution
		HideSolutionNode = FALSE
	EndGlobalSection
	GlobalSection(ProjectConfigurationPlatforms) = postSolution
		{B0BAA729-067D-4B88-8497-D6C067B8FEFB}.Debug|Any CPU.ActiveCfg = Debug|Any CPU
		{B0BAA729-067D-4B88-8497-D6C067B8FEFB}.Debug|Any CPU.Build.0 = Debug|Any CPU
		{B0BAA729-067D-4B88-8497-D6C067B8FEFB}.Debug|x64.ActiveCfg = Debug|Any CPU
		{B0BAA729-067D-4B88-8497-D6C067B8FEFB}.Debug|x64.Build.0 = Debug|Any CPU
		{B0BAA729-067D-4B88-8497-D6C067B8FEFB}.Debug|x86.ActiveCfg = Debug|Any CPU
		{B0BAA729-067D-4B88-8497-D6C067B8FEFB}.Debug|x86.Build.0 = Debug|Any CPU
		{B0BAA729-067D-4B88-8497-D6C067B8FEFB}.Release|Any CPU.ActiveCfg = Release|Any CPU
		{B0BAA729-067D-4B88-8497-D6C067B8FEFB}.Release|Any CPU.Build.0 = Release|Any CPU
		{B0BAA729-067D-4B88-8497-D6C067B8FEFB}.Release|x64.ActiveCfg = Release|Any CPU
		{B0BAA729-067D-4B88-8497-D6C067B8FEFB}.Release|x64.Build.0 = Release|Any CPU
		{B0BAA729-067D-4B88-8497-D6C067B8FEFB}.Release|x86.ActiveCfg = Release|Any CPU
		{B0BAA729-067D-4B88-8497-D6C067B8FEFB}.Release|x86.Build.0 = Release|Any CPU
		{2580A8DC-48B7-4E30-B058-F665DC16C7F2}.Debug|Any CPU.ActiveCfg = Debug|Any CPU
		{2580A8DC-48B7-4E30-B058-F665DC16C7F2}.Debug|Any CPU.Build.0 = Debug|Any CPU
		{2580A8DC-48B7-4E30-B058-F665DC16C7F2}.Debug|x64.ActiveCfg = Debug|Any CPU
		{2580A8DC-48B7-4E30-B058-F665DC16C7F2}.Debug|x64.Build.0 = Debug|Any CPU
		{2580A8DC-48B7-4E30-B058-F665DC16C7F2}.Debug|x86.ActiveCfg = Debug|Any CPU
		{2580A8DC-48B7-4E30-B058-F665DC16C7F2}.Debug|x86.Build.0 = Debug|Any CPU
		{2580A8DC-48B7-4E30-B058-F665DC16C7F2}.Release|Any CPU.ActiveCfg = Release|Any CPU
		{2580A8DC-48B7-4E30-B058-F665DC16C7F2}.Release|Any CPU.Build.0 = Release|Any CPU
		{2580A8DC-48B7-4E30-B058-F665DC16C7F2}.Release|x64.ActiveCfg = Release|Any CPU
		{2580A8DC-48B7-4E30-B058-F665DC16C7F2}.Release|x64.Build.0 = Release|Any CPU
		{2580A8DC-48B7-4E30-B058-F665DC16C7F2}.Release|x86.ActiveCfg = Release|Any CPU
		{2580A8DC-48B7-4E30-B058-F665DC16C7F2}.Release|x86.Build.0 = Release|Any CPU
		{CC4C4D25-F5EF-4144-B99A-7FD539A76008}.Debug|Any CPU.ActiveCfg = Debug|Any CPU
		{CC4C4D25-F5EF-4144-B99A-7FD539A76008}.Debug|Any CPU.Build.0 = Debug|Any CPU
		{CC4C4D25-F5EF-4144-B99A-7FD539A76008}.Debug|x64.ActiveCfg = Debug|Any CPU
		{CC4C4D25-F5EF-4144-B99A-7FD539A76008}.Debug|x64.Build.0 = Debug|Any CPU
		{CC4C4D25-F5EF-4144-B99A-7FD539A76008}.Debug|x86.ActiveCfg = Debug|Any CPU
		{CC4C4D25-F5EF-4144-B99A-7FD539A76008}.Debug|x86.Build.0 = Debug|Any CPU
		{CC4C4D25-F5EF-4144-B99A-7FD539A76008}.Release|Any CPU.ActiveCfg = Release|Any CPU
		{CC4C4D25-F5EF-4144-B99A-7FD539A76008}.Release|Any CPU.Build.0 = Release|Any CPU
		{CC4C4D25-F5EF-4144-B99A-7FD539A76008}.Release|x64.ActiveCfg = Release|Any CPU
		{CC4C4D25-F5EF-4144-B99A-7FD539A76008}.Release|x64.Build.0 = Release|Any CPU
		{CC4C4D25-F5EF-4144-B99A-7FD539A76008}.Release|x86.ActiveCfg = Release|Any CPU
		{CC4C4D25-F5EF-4144-B99A-7FD539A76008}.Release|x86.Build.0 = Release|Any CPU
		{FD99CCDD-C8EE-496D-B4C5-3B2E83C5AF7F}.Debug|Any CPU.ActiveCfg = Debug|Any CPU
		{FD99CCDD-C8EE-496D-B4C5-3B2E83C5AF7F}.Debug|Any CPU.Build.0 = Debug|Any CPU
		{FD99CCDD-C8EE-496D-B4C5-3B2E83C5AF7F}.Debug|x64.ActiveCfg = Debug|Any CPU
		{FD99CCDD-C8EE-496D-B4C5-3B2E83C5AF7F}.Debug|x64.Build.0 = Debug|Any CPU
		{FD99CCDD-C8EE-496D-B4C5-3B2E83C5AF7F}.Debug|x86.ActiveCfg = Debug|Any CPU
		{FD99CCDD-C8EE-496D-B4C5-3B2E83C5AF7F}.Debug|x86.Build.0 = Debug|Any CPU
		{FD99CCDD-C8EE-496D-B4C5-3B2E83C5AF7F}.Release|Any CPU.ActiveCfg = Release|Any CPU
		{FD99CCDD-C8EE-496D-B4C5-3B2E83C5AF7F}.Release|Any CPU.Build.0 = Release|Any CPU
		{FD99CCDD-C8EE-496D-B4C5-3B2E83C5AF7F}.Release|x64.ActiveCfg = Release|Any CPU
		{FD99CCDD-C8EE-496D-B4C5-3B2E83C5AF7F}.Release|x64.Build.0 = Release|Any CPU
		{FD99CCDD-C8EE-496D-B4C5-3B2E83C5AF7F}.Release|x86.ActiveCfg = Release|Any CPU
		{FD99CCDD-C8EE-496D-B4C5-3B2E83C5AF7F}.Release|x86.Build.0 = Release|Any CPU
	EndGlobalSection
EndGlobal
